
Microsoft Visual Studio Solution File, Format Version 12.00
# Visual Studio 15
VisualStudioVersion = 15.0.28307.421
MinimumVisualStudioVersion = 10.0.40219.1
Project("{FAE04EC0-301F-11D3-BF4B-00C04F79EFBC}") = "CB_Choice", "CB_Choice\CB_Choice.csproj", "{005E5CD5-7DD7-44EF-BC34-15FD0881C6A3}"
EndProject
Global
	GlobalSection(SolutionConfigurationPlatforms) = preSolution
		Debug|Any CPU = Debug|Any CPU
		Release|Any CPU = Release|Any CPU
	EndGlobalSection
	GlobalSection(ProjectConfigurationPlatforms) = postSolution
		{005E5CD5-7DD7-44EF-BC34-15FD0881C6A3}.Debug|Any CPU.ActiveCfg = Debug|Any CPU
		{005E5CD5-7DD7-44EF-BC34-15FD0881C6A3}.Debug|Any CPU.Build.0 = Debug|Any CPU
		{005E5CD5-7DD7-44EF-BC34-15FD0881C6A3}.Release|Any CPU.ActiveCfg = Release|Any CPU
		{005E5CD5-7DD7-44EF-BC34-15FD0881C6A3}.Release|Any CPU.Build.0 = Release|Any CPU
	EndGlobalSection
	GlobalSection(SolutionProperties) = preSolution
		HideSolutionNode = FALSE
	EndGlobalSection
	GlobalSection(ExtensibilityGlobals) = postSolution
		SolutionGuid = {64CFBEA6-6A32-4E7E-B92F-B4F38220C9F7}
	EndGlobalSection
EndGlobal
